
Microsoft Visual Studio Solution File, Format Version 12.00
# Visual Studio 15
VisualStudioVersion = 15.0.28307.705
MinimumVisualStudioVersion = 10.0.40219.1
Project("{8BC9CEB8-8B4A-11D0-8D11-00A0C91BC942}") = "基于线性表的顺序查找", "基于线性表的顺序查找\基于线性表的顺序查找.vcxproj", "{BD6C878C-7DAD-4FBB-A9D3-2003D01D3979}"
EndProject
Global
	GlobalSection(SolutionConfigurationPlatforms) = preSolution
		Debug|x64 = Debug|x64
		Debug|x86 = Debug|x86
		Release|x64 = Release|x64
		Release|x86 = Release|x86
	EndGlobalSection
	GlobalSection(ProjectConfigurationPlatforms) = postSolution
		{BD6C878C-7DAD-4FBB-A9D3-2003D01D3979}.Debug|x64.ActiveCfg = Debug|x64
		{BD6C878C-7DAD-4FBB-A9D3-2003D01D3979}.Debug|x64.Build.0 = Debug|x64
		{BD6C878C-7DAD-4FBB-A9D3-2003D01D3979}.Debug|x86.ActiveCfg = Debug|Win32
		{BD6C878C-7DAD-4FBB-A9D3-2003D01D3979}.Debug|x86.Build.0 = Debug|Win32
		{BD6C878C-7DAD-4FBB-A9D3-2003D01D3979}.Release|x64.ActiveCfg = Release|x64
		{BD6C878C-7DAD-4FBB-A9D3-2003D01D3979}.Release|x64.Build.0 = Release|x64
		{BD6C878C-7DAD-4FBB-A9D3-2003D01D3979}.Release|x86.ActiveCfg = Release|Win32
		{BD6C878C-7DAD-4FBB-A9D3-2003D01D3979}.Release|x86.Build.0 = Release|Win32
	EndGlobalSection
	GlobalSection(SolutionProperties) = preSolution
		HideSolutionNode = FALSE
	EndGlobalSection
	GlobalSection(ExtensibilityGlobals) = postSolution
		SolutionGuid = {395C2FF3-C975-48A9-B038-934F1DBE069C}
	EndGlobalSection
EndGlobal
